
Microsoft Visual Studio Solution File, Format Version 12.00
# Visual Studio Version 17
VisualStudioVersion = 17.5.002.0
MinimumVisualStudioVersion = 10.0.40219.1
Project("{9A19103F-16F7-4668-BE54-9A1E7A4F7556}") = "classes_01", "classes_01.csproj", "{C495A729-6312-4FC0-9BC8-BB6F37954908}"
EndProject
Global
	GlobalSection(SolutionConfigurationPlatforms) = preSolution
		Debug|Any CPU = Debug|Any CPU
		Release|Any CPU = Release|Any CPU
	EndGlobalSection
	GlobalSection(ProjectConfigurationPlatforms) = postSolution
		{C495A729-6312-4FC0-9BC8-BB6F37954908}.Debug|Any CPU.ActiveCfg = Debug|Any CPU
		{C495A729-6312-4FC0-9BC8-BB6F37954908}.Debug|Any CPU.Build.0 = Debug|Any CPU
		{C495A729-6312-4FC0-9BC8-BB6F37954908}.Release|Any CPU.ActiveCfg = Release|Any CPU
		{C495A729-6312-4FC0-9BC8-BB6F37954908}.Release|Any CPU.Build.0 = Release|Any CPU
	EndGlobalSection
	GlobalSection(SolutionProperties) = preSolution
		HideSolutionNode = FALSE
	EndGlobalSection
	GlobalSection(ExtensibilityGlobals) = postSolution
		SolutionGuid = {E53B3E59-AC08-4523-8DEE-F32872384065}
	EndGlobalSection
EndGlobal
